
Microsoft Visual Studio Solution File, Format Version 12.00
# Visual Studio Version 17
VisualStudioVersion = 17.10.35013.160
MinimumVisualStudioVersion = 10.0.40219.1
Project("{FAE04EC0-301F-11D3-BF4B-00C04F79EFBC}") = "weather", "weather\weather.csproj", "{53814522-A7F7-4647-BF73-F65495169E95}"
EndProject
Global
	GlobalSection(SolutionConfigurationPlatforms) = preSolution
		Debug|Any CPU = Debug|Any CPU
		Release|Any CPU = Release|Any CPU
	EndGlobalSection
	GlobalSection(ProjectConfigurationPlatforms) = postSolution
		{53814522-A7F7-4647-BF73-F65495169E95}.Debug|Any CPU.ActiveCfg = Debug|Any CPU
		{53814522-A7F7-4647-BF73-F65495169E95}.Debug|Any CPU.Build.0 = Debug|Any CPU
		{53814522-A7F7-4647-BF73-F65495169E95}.Release|Any CPU.ActiveCfg = Release|Any CPU
		{53814522-A7F7-4647-BF73-F65495169E95}.Release|Any CPU.Build.0 = Release|Any CPU
	EndGlobalSection
	GlobalSection(SolutionProperties) = preSolution
		HideSolutionNode = FALSE
	EndGlobalSection
	GlobalSection(ExtensibilityGlobals) = postSolution
		SolutionGuid = {3520C98F-D5BD-45B9-B504-B6005AC793C6}
	EndGlobalSection
EndGlobal
